{
  "name": "wasm-evaluation",
  "version": "1.0.0",
  "lockfileVersion": 3,
  "requires": true,
  "packages": {
    "": {
      "name": "wasm-evaluation",
      "version": "1.0.0",
      "license": "MIT",
      "dependencies": {
        "prime-radiant-advanced-wasm": "^0.1.3"
      }
    },
    "node_modules/prime-radiant-advanced-wasm": {
      "version": "0.1.3",
      "resolved": "https://registry.npmjs.org/prime-radiant-advanced-wasm/-/prime-radiant-advanced-wasm-0.1.3.tgz",
      "integrity": "sha512-Rlvl6XqBvlCDBk9bNT5ODzL2/b/BlH+VSKK1bwD6aBZA9ru+MA2aQotNZo5wHu9kWUTphFUAb/CwEm+jNUP7qg==",
      "license": "MIT OR Apache-2.0"
    }
  }
}
